<?xml version="1.0" encoding="UTF-8" standalone="yes" ?>
<CodeBlocks_project_file>
	<FileVersion major="1" minor="6" />
	<Project>
		<Option title="Editor" />
		<Option pch_mode="0" />
		<Option compiler="gcc" />
		<Build>
			<Target title="Debug">
				<Option output="bin/Debug/Editor" prefix_auto="1" extension_auto="1" />
				<Option object_output="obj/Debug/" />
				<Option type="0" />
				<Option compiler="gcc" />
				<Option projectLinkerOptionsRelation="2" />
				<Compiler>
					<Add option="-std=c++11" />
					<Add option="-g" />
					<Add option="`wx-config  --cflags`" />
					<Add directory="." />
					<Add directory=".." />
				</Compiler>
				<Linker>
					<Add option="`wx-config  --libs`" />
				</Linker>
			</Target>
		</Build>
		<Compiler>
			<Add option="-Wall" />
		</Compiler>
		<Unit filename="../alist.cpp" />
		<Unit filename="../alist.h" />
		<Unit filename="../aregion.cpp" />
		<Unit filename="../aregion.h" />
		<Unit filename="../army.cpp" />
		<Unit filename="../army.h" />
		<Unit filename="../astring.cpp" />
		<Unit filename="../astring.h" />
		<Unit filename="../battle.cpp" />
		<Unit filename="../battle.h" />
		<Unit filename="../economy.cpp" />
		<Unit filename="../edit.cpp" />
		<Unit filename="../faction.cpp" />
		<Unit filename="../faction.h" />
		<Unit filename="../fileio.cpp" />
		<Unit filename="../fileio.h" />
		<Unit filename="../game.cpp" />
		<Unit filename="../game.h" />
		<Unit filename="../gamedata.cpp" />
		<Unit filename="../gamedata.h" />
		<Unit filename="../gamedefs.cpp" />
		<Unit filename="../gamedefs.h" />
		<Unit filename="../gameio.cpp" />
		<Unit filename="../gameio.h" />
		<Unit filename="../genrules.cpp" />
		<Unit filename="../helper.h" />
		<Unit filename="../i_rand.cpp" />
		<Unit filename="../i_rand.h" />
		<Unit filename="../i_std.h" />
		<Unit filename="../items.cpp" />
		<Unit filename="../items.h" />
		<Unit filename="../map_access.h" />
		<Unit filename="../market.cpp" />
		<Unit filename="../market.h" />
		<Unit filename="../modify.cpp" />
		<Unit filename="../monthorders.cpp" />
		<Unit filename="../npc.cpp" />
		<Unit filename="../object.cpp" />
		<Unit filename="../object.h" />
		<Unit filename="../orders.cpp" />
		<Unit filename="../orders.h" />
		<Unit filename="../parseorders.cpp" />
		<Unit filename="../production.cpp" />
		<Unit filename="../production.h" />
		<Unit filename="../quests.cpp" />
		<Unit filename="../quests.h" />
		<Unit filename="../runorders.cpp" />
		<Unit filename="../shields.cpp" />
		<Unit filename="../shields.h" />
		<Unit filename="../skills.cpp" />
		<Unit filename="../skills.h" />
		<Unit filename="../skillshows.cpp" />
		<Unit filename="../specials.cpp" />
		<Unit filename="../spells.cpp" />
		<Unit filename="../spells.h" />
		<Unit filename="../standard/extra.cpp" />
		<Unit filename="../standard/map.cpp" />
		<Unit filename="../standard/monsters.cpp" />
		<Unit filename="../standard/rules.cpp" />
		<Unit filename="../standard/world.cpp" />
		<Unit filename="../template.cpp" />
		<Unit filename="../unit.cpp" />
		<Unit filename="../unit.h" />
		<Unit filename="EditorApp.cpp" />
		<Unit filename="EditorApp.h" />
		<Unit filename="EditorMain.cpp" />
		<Unit filename="EditorMain.h" />
		<Unit filename="ListChooser.cpp" />
		<Unit filename="ListChooser.h" />
		<Unit filename="ListElement.cpp" />
		<Unit filename="ListElement.h" />
		<Unit filename="LocalisationDialog.cpp" />
		<Unit filename="LocalisationDialog.h" />
		<Unit filename="LocalisationListener.h" />
		<Unit filename="MapViewer.cpp" />
		<Unit filename="MapViewer.h" />
		<Unit filename="ObjectDialog.cpp" />
		<Unit filename="ObjectDialog.h" />
		<Unit filename="ObjectListener.h" />
		<Unit filename="ProductDialog.cpp" />
		<Unit filename="ProductDialog.h" />
		<Unit filename="RegViewer.cpp" />
		<Unit filename="RegViewer.h" />
		<Unit filename="RegionData.cpp" />
		<Unit filename="RegionData.h" />
		<Unit filename="UnitDialog.cpp" />
		<Unit filename="UnitDialog.h" />
		<Unit filename="UnitEditListener.h" />
		<Unit filename="UnitEditorDialog.cpp" />
		<Unit filename="UnitEditorDialog.h" />
		<Unit filename="UnitListener.h" />
		<Unit filename="model.cpp" />
		<Unit filename="model.h" />
		<Unit filename="observer.h" />
		<Extensions>
			<code_completion />
			<envvars />
			<lib_finder disable_auto="1" />
			<debugger />
		</Extensions>
	</Project>
</CodeBlocks_project_file>
